{
    "_meta": {
        "hash": {
            "sha256": "3cf365aa3b74ced0b7565c45ef7e3304e7109ce6f7ed3fc578f8d722f427783a"
        },
        "pipfile-spec": 6,
        "requires": {
            "python_version": "3.10"
        },
        "sources": [
            {
                "name": "pypi",
                "url": "https://pypi.org/simple",
                "verify_ssl": true
            }
        ]
    },
    "default": {
        "asgiref": {
            "hashes": [
                "sha256:2f8abc20f7248433085eda803936d98992f1343ddb022065779f37c5da0181d0",
                "sha256:88d59c13d634dcffe0510be048210188edd79aeccb6a6c9028cdad6f31d730a9"
            ],
            "markers": "python_version >= '3.7'",
            "version": "==3.5.0"
        },
        "beautifulsoup4": {
            "hashes": [
                "sha256:58d5c3d29f5a36ffeb94f02f0d786cd53014cf9b3b3951d42e0080d8a9498d30",
                "sha256:ad9aa55b65ef2808eb405f46cf74df7fcb7044d5cbc26487f96eb2ef2e436693"
            ],
            "markers": "python_version >= '3.6'",
            "version": "==4.11.1"
        },
        "certifi": {
            "hashes": [
                "sha256:78884e7c1d4b00ce3cea67b44566851c4343c120abd683433ce934a68ea58872",
                "sha256:d62a0163eb4c2344ac042ab2bdf75399a71a2d8c7d47eac2e2ee91b9d6339569"
            ],
            "version": "==2021.10.8"
        },
        "charset-normalizer": {
            "hashes": [
                "sha256:2857e29ff0d34db842cd7ca3230549d1a697f96ee6d3fb071cfa6c7393832597",
                "sha256:6881edbebdb17b39b4eaaa821b438bf6eddffb4468cf344f09f89def34a8b1df"
            ],
            "markers": "python_version >= '3'",
            "version": "==2.0.12"
        },
        "django": {
            "hashes": [
                "sha256:07c8638e7a7f548dc0acaaa7825d84b7bd42b10e8d22268b3d572946f1e9b687",
                "sha256:4e8177858524417563cc0430f29ea249946d831eacb0068a1455686587df40b5"
            ],
            "index": "pypi",
            "version": "==4.0.4"
        },
        "docopt": {
            "hashes": [
                "sha256:49b3a825280bd66b3aa83585ef59c4a8c82f2c8a522dbe754a8bc8d08c85c491"
            ],
            "version": "==0.6.2"
        },
        "idna": {
            "hashes": [
                "sha256:84d9dd047ffa80596e0f246e2eab0b391788b0503584e8945f2368256d2735ff",
                "sha256:9d643ff0a55b762d5cdb124b8eaa99c66322e2157b69160bc32796e824360e6d"
            ],
            "markers": "python_version >= '3'",
            "version": "==3.3"
        },
        "js2py": {
            "hashes": [
                "sha256:7f3dfa30c4b8e3ac3edd64c361c950a8c2587a30a86854aeb8c1ffb6f4dd24b4",
                "sha256:a41b1009dd1498ae7d436bfa5ac952a08ca92a4bb9e31dca6e8bb966b49f7fce"
            ],
            "version": "==0.71"
        },
        "mysqlclient": {
            "hashes": [
                "sha256:02c8826e6add9b20f4cb12dcf016485f7b1d6e30356a1204d05431867a1b3947",
                "sha256:2c8410f54492a3d2488a6a53e2d85b7e016751a1e7d116e7aea9c763f59f5e8c",
                "sha256:973235686f1b720536d417bf0a0d39b4ab3d5086b2b6ad5e6752393428c02b12",
                "sha256:b62d23c11c516cedb887377c8807628c1c65d57593b57853186a6ee18b0c6a5b",
                "sha256:e6279263d5a9feca3e0edbc2b2a52c057375bf301d47da2089c075ff76331d14"
            ],
            "index": "pypi",
            "version": "==2.1.0"
        },
        "packaging": {
            "hashes": [
                "sha256:dd47c42927d89ab911e606518907cc2d3a1f38bbd026385970643f9c5b8ecfeb",
                "sha256:ef103e05f519cdc783ae24ea4e2e0f508a9c99b2d4969652eed6a2e1ea5bd522"
            ],
            "markers": "python_version >= '3.6'",
            "version": "==21.3"
        },
        "pipwin": {
            "hashes": [
                "sha256:34791e633760240ac970ef41bf4cee4c31616ba31d9f58112e9bb83bab276746"
            ],
            "index": "pypi",
            "version": "==0.5.2"
        },
        "pyjsparser": {
            "hashes": [
                "sha256:2b12842df98d83f65934e0772fa4a5d8b123b3bc79f1af1789172ac70265dd21",
                "sha256:be60da6b778cc5a5296a69d8e7d614f1f870faf94e1b1b6ac591f2ad5d729579"
            ],
            "version": "==2.7.1"
        },
        "pyparsing": {
            "hashes": [
                "sha256:7bf433498c016c4314268d95df76c81b842a4cb2b276fa3312cfb1e1d85f6954",
                "sha256:ef7b523f6356f763771559412c0d7134753f037822dad1b16945b7b846f7ad06"
            ],
            "markers": "python_full_version >= '3.6.8'",
            "version": "==3.0.8"
        },
        "pyprind": {
            "hashes": [
                "sha256:cc8edb66aabb18f25f7a3cce65312b3bc64b49992ddc93ba4cf511e5e25c1be3",
                "sha256:e37dcab6e1a9c8e0a7f0fce65fde7a79e2deda1c75aa015910a49e2137b54cbf"
            ],
            "version": "==2.11.3"
        },
        "pysmartdl": {
            "hashes": [
                "sha256:35275d1694f3474d33bdca93b27d3608265ffd42f5aeb28e56f38b906c0c35f4",
                "sha256:671c277ca710fb9b6603b19176f5c091041ec4ef6dcdb507c9a983a89ca35d31"
            ],
            "version": "==1.3.4"
        },
        "pytz-deprecation-shim": {
            "hashes": [
                "sha256:8314c9692a636c8eb3bda879b9f119e350e93223ae83e70e80c31675a0fdc1a6",
                "sha256:af097bae1b616dde5c5744441e2ddc69e74dfdcb0c263129610d85b87445a59d"
            ],
            "markers": "python_version >= '2.7' and python_version not in '3.0, 3.1, 3.2, 3.3, 3.4, 3.5'",
            "version": "==0.1.0.post0"
        },
        "requests": {
            "hashes": [
                "sha256:68d7c56fd5a8999887728ef304a6d12edc7be74f1cfa47714fc8b414525c9a61",
                "sha256:f22fa1e554c9ddfd16e6e41ac79759e17be9e492b3587efa038054674760e72d"
            ],
            "markers": "python_version >= '2.7' and python_version not in '3.0, 3.1, 3.2, 3.3, 3.4, 3.5'",
            "version": "==2.27.1"
        },
        "six": {
            "hashes": [
                "sha256:1e61c37477a1626458e36f7b1d82aa5c9b094fa4802892072e49de9c60c4c926",
                "sha256:8abb2f1d86890a2dfb989f9a77cfcfd3e47c2a354b01111771326f8aa26e0254"
            ],
            "markers": "python_version >= '2.7' and python_version not in '3.0, 3.1, 3.2, 3.3'",
            "version": "==1.16.0"
        },
        "soupsieve": {
            "hashes": [
                "sha256:0bcc6d7432153063e3df09c3ac9442af3eba488715bfcad6a4c38ccb2a523124",
                "sha256:a714129d3021ec17ce5be346b1007300558b378332c289a1a20e7d4de6ff18a5"
            ],
            "markers": "python_version >= '3.6'",
            "version": "==2.3.2"
        },
        "sqlparse": {
            "hashes": [
                "sha256:0c00730c74263a94e5a9919ade150dfc3b19c574389985446148402998287dae",
                "sha256:48719e356bb8b42991bdbb1e8b83223757b93789c00910a616a071910ca4a64d"
            ],
            "markers": "python_version >= '3.5'",
            "version": "==0.4.2"
        },
        "tzdata": {
            "hashes": [
                "sha256:238e70234214138ed7b4e8a0fab0e5e13872edab3be586ab8198c407620e2ab9",
                "sha256:8b536a8ec63dc0751342b3984193a3118f8fca2afe25752bb9b7fffd398552d3"
            ],
            "markers": "platform_system == 'Windows' and sys_platform == 'win32'",
            "version": "==2022.1"
        },
        "tzlocal": {
            "hashes": [
                "sha256:89885494684c929d9191c57aa27502afc87a579be5cdd3225c77c463ea043745",
                "sha256:ee5842fa3a795f023514ac2d801c4a81d1743bbe642e3940143326b3a00addd7"
            ],
            "markers": "python_version >= '3.6'",
            "version": "==4.2"
        },
        "urllib3": {
            "hashes": [
                "sha256:44ece4d53fb1706f667c9bd1c648f5469a2ec925fcf3a776667042d645472c14",
                "sha256:aabaf16477806a5e1dd19aa41f8c2b7950dd3c746362d7e3223dbe6de6ac448e"
            ],
            "markers": "python_version >= '2.7' and python_version not in '3.0, 3.1, 3.2, 3.3, 3.4' and python_version < '4'",
            "version": "==1.26.9"
        }
    },
    "develop": {
        "autopep8": {
            "hashes": [
                "sha256:44f0932855039d2c15c4510d6df665e4730f2b8582704fa48f9c55bd3e17d979",
                "sha256:ed77137193bbac52d029a52c59bec1b0629b5a186c495f1eb21b126ac466083f"
            ],
            "index": "pypi",
            "version": "==1.6.0"
        },
        "pycodestyle": {
            "hashes": [
                "sha256:720f8b39dde8b293825e7ff02c475f3077124006db4f440dcbc9a20b76548a20",
                "sha256:eddd5847ef438ea1c7870ca7eb78a9d47ce0cdb4851a5523949f2601d0cbbe7f"
            ],
            "markers": "python_version >= '2.7' and python_version not in '3.0, 3.1, 3.2, 3.3, 3.4'",
            "version": "==2.8.0"
        },
        "toml": {
            "hashes": [
                "sha256:806143ae5bfb6a3c6e736a764057db0e6a0e05e338b5630894a5f779cabb4f9b",
                "sha256:b3bda1d108d5dd99f4a20d24d9c348e91c4db7ab1b749200bded2f839ccbe68f"
            ],
            "markers": "python_version >= '2.6' and python_version not in '3.0, 3.1, 3.2, 3.3'",
            "version": "==0.10.2"
        }
    }
}
